
Microsoft Visual Studio Solution File, Format Version 12.00
# Visual Studio Version 16
VisualStudioVersion = 16.0.28621.142
MinimumVisualStudioVersion = 10.0.40219.1
Project("{9A19103F-16F7-4668-BE54-9A1E7A4F7556}") = "CygniAPI", "CygniAPI\CygniAPI.csproj", "{1D6188C0-AF83-4182-A63E-DA601F1447DC}"
EndProject
Project("{FAE04EC0-301F-11D3-BF4B-00C04F79EFBC}") = "Tests", "Tests\Tests.csproj", "{5EF3626F-D47A-45C7-A3D7-2B512D81D0AB}"
EndProject
Project("{FAE04EC0-301F-11D3-BF4B-00C04F79EFBC}") = "ExampleApplication", "ExampleApplication\ExampleApplication.csproj", "{F1B1BA03-6514-463D-A47B-A7AC6CF861AE}"
EndProject
Global
	GlobalSection(SolutionConfigurationPlatforms) = preSolution
		Debug|Any CPU = Debug|Any CPU
		Release|Any CPU = Release|Any CPU
	EndGlobalSection
	GlobalSection(ProjectConfigurationPlatforms) = postSolution
		{1D6188C0-AF83-4182-A63E-DA601F1447DC}.Debug|Any CPU.ActiveCfg = Debug|Any CPU
		{1D6188C0-AF83-4182-A63E-DA601F1447DC}.Debug|Any CPU.Build.0 = Debug|Any CPU
		{1D6188C0-AF83-4182-A63E-DA601F1447DC}.Release|Any CPU.ActiveCfg = Release|Any CPU
		{1D6188C0-AF83-4182-A63E-DA601F1447DC}.Release|Any CPU.Build.0 = Release|Any CPU
		{5EF3626F-D47A-45C7-A3D7-2B512D81D0AB}.Debug|Any CPU.ActiveCfg = Debug|Any CPU
		{5EF3626F-D47A-45C7-A3D7-2B512D81D0AB}.Debug|Any CPU.Build.0 = Debug|Any CPU
		{5EF3626F-D47A-45C7-A3D7-2B512D81D0AB}.Release|Any CPU.ActiveCfg = Release|Any CPU
		{5EF3626F-D47A-45C7-A3D7-2B512D81D0AB}.Release|Any CPU.Build.0 = Release|Any CPU
		{F1B1BA03-6514-463D-A47B-A7AC6CF861AE}.Debug|Any CPU.ActiveCfg = Debug|Any CPU
		{F1B1BA03-6514-463D-A47B-A7AC6CF861AE}.Debug|Any CPU.Build.0 = Debug|Any CPU
		{F1B1BA03-6514-463D-A47B-A7AC6CF861AE}.Release|Any CPU.ActiveCfg = Release|Any CPU
		{F1B1BA03-6514-463D-A47B-A7AC6CF861AE}.Release|Any CPU.Build.0 = Release|Any CPU
	EndGlobalSection
	GlobalSection(SolutionProperties) = preSolution
		HideSolutionNode = FALSE
	EndGlobalSection
	GlobalSection(ExtensibilityGlobals) = postSolution
		SolutionGuid = {E5287522-AF92-4E53-B97F-2DC99F646377}
	EndGlobalSection
EndGlobal
